// !$*UTF8*$!
{
	archiveVersion = 1;
	classes = {
	};
	objectVersion = 56;
	objects = {

/* Begin PBXBuildFile section */
		9F79AB0C29A8E5FD00DD6787 /* WalletApp.swift in Sources */ = {isa = PBXBuildFile; fileRef = 9F79AB0B29A8E5FD00DD6787 /* WalletApp.swift */; };
		9F79AB0E29A8E5FD00DD6787 /* MainTabView.swift in Sources */ = {isa = PBXBuildFile; fileRef = 9F79AB0D29A8E5FD00DD6787 /* MainTabView.swift */; };
		9F79AB1029A8E5FE00DD6787 /* Assets.xcassets in Resources */ = {isa = PBXBuildFile; fileRef = 9F79AB0F29A8E5FE00DD6787 /* Assets.xcassets */; };
		9F79AB1329A8E5FE00DD6787 /* Preview Assets.xcassets in Resources */ = {isa = PBXBuildFile; fileRef = 9F79AB1229A8E5FE00DD6787 /* Preview Assets.xcassets */; };
		9F79AB1D29A8E5FF00DD6787 /* WalletTests.swift in Sources */ = {isa = PBXBuildFile; fileRef = 9F79AB1C29A8E5FF00DD6787 /* WalletTests.swift */; };
		9F79AB2729A8E5FF00DD6787 /* WalletUITests.swift in Sources */ = {isa = PBXBuildFile; fileRef = 9F79AB2629A8E5FF00DD6787 /* WalletUITests.swift */; };
		9F79AB2929A8E5FF00DD6787 /* WalletUITestsLaunchTests.swift in Sources */ = {isa = PBXBuildFile; fileRef = 9F79AB2829A8E5FF00DD6787 /* WalletUITestsLaunchTests.swift */; };
		9F79AB3629A8EBCD00DD6787 /* HomeView.swift in Sources */ = {isa = PBXBuildFile; fileRef = 9F79AB3529A8EBCD00DD6787 /* HomeView.swift */; };
		9F79AB3829A8EE2A00DD6787 /* TransferView.swift in Sources */ = {isa = PBXBuildFile; fileRef = 9F79AB3729A8EE2A00DD6787 /* TransferView.swift */; };
		9F79AB3A29A8EE4200DD6787 /* CardsView.swift in Sources */ = {isa = PBXBuildFile; fileRef = 9F79AB3929A8EE4200DD6787 /* CardsView.swift */; };
		9F79AB3E29A8EFE600DD6787 /* Transfer.swift in Sources */ = {isa = PBXBuildFile; fileRef = 9F79AB3D29A8EFE600DD6787 /* Transfer.swift */; };
		9F79AB4029A8F08F00DD6787 /* User.swift in Sources */ = {isa = PBXBuildFile; fileRef = 9F79AB3F29A8F08F00DD6787 /* User.swift */; };
		9F79AB4229A8F1F800DD6787 /* TransferCell.swift in Sources */ = {isa = PBXBuildFile; fileRef = 9F79AB4129A8F1F800DD6787 /* TransferCell.swift */; };
		9F79AB4429A8FBD900DD6787 /* DataProvider.swift in Sources */ = {isa = PBXBuildFile; fileRef = 9F79AB4329A8FBD900DD6787 /* DataProvider.swift */; };
		9F79AB4629A90A9500DD6787 /* TransferDTO.swift in Sources */ = {isa = PBXBuildFile; fileRef = 9F79AB4529A90A9500DD6787 /* TransferDTO.swift */; };
/* End PBXBuildFile section */

/* Begin PBXContainerItemProxy section */
		9F79AB1929A8E5FF00DD6787 /* PBXContainerItemProxy */ = {
			isa = PBXContainerItemProxy;
			containerPortal = 9F79AB0029A8E5FC00DD6787 /* Project object */;
			proxyType = 1;
			remoteGlobalIDString = 9F79AB0729A8E5FC00DD6787;
			remoteInfo = Wallet;
		};
		9F79AB2329A8E5FF00DD6787 /* PBXContainerItemProxy */ = {
			isa = PBXContainerItemProxy;
			containerPortal = 9F79AB0029A8E5FC00DD6787 /* Project object */;
			proxyType = 1;
			remoteGlobalIDString = 9F79AB0729A8E5FC00DD6787;
			remoteInfo = Wallet;
		};
/* End PBXContainerItemProxy section */

/* Begin PBXFileReference section */
		9F79AB0829A8E5FD00DD6787 /* Wallet.app */ = {isa = PBXFileReference; explicitFileType = wrapper.application; includeInIndex = 0; path = Wallet.app; sourceTree = BUILT_PRODUCTS_DIR; };
		9F79AB0B29A8E5FD00DD6787 /* WalletApp.swift */ = {isa = PBXFileReference; lastKnownFileType = sourcecode.swift; path = WalletApp.swift; sourceTree = "<group>"; };
		9F79AB0D29A8E5FD00DD6787 /* MainTabView.swift */ = {isa = PBXFileReference; lastKnownFileType = sourcecode.swift; path = MainTabView.swift; sourceTree = "<group>"; };
		9F79AB0F29A8E5FE00DD6787 /* Assets.xcassets */ = {isa = PBXFileReference; lastKnownFileType = folder.assetcatalog; path = Assets.xcassets; sourceTree = "<group>"; };
		9F79AB1229A8E5FE00DD6787 /* Preview Assets.xcassets */ = {isa = PBXFileReference; lastKnownFileType = folder.assetcatalog; path = "Preview Assets.xcassets"; sourceTree = "<group>"; };
		9F79AB1829A8E5FF00DD6787 /* WalletTests.xctest */ = {isa = PBXFileReference; explicitFileType = wrapper.cfbundle; includeInIndex = 0; path = WalletTests.xctest; sourceTree = BUILT_PRODUCTS_DIR; };
		9F79AB1C29A8E5FF00DD6787 /* WalletTests.swift */ = {isa = PBXFileReference; lastKnownFileType = sourcecode.swift; path = WalletTests.swift; sourceTree = "<group>"; };
		9F79AB2229A8E5FF00DD6787 /* WalletUITests.xctest */ = {isa = PBXFileReference; explicitFileType = wrapper.cfbundle; includeInIndex = 0; path = WalletUITests.xctest; sourceTree = BUILT_PRODUCTS_DIR; };
		9F79AB2629A8E5FF00DD6787 /* WalletUITests.swift */ = {isa = PBXFileReference; lastKnownFileType = sourcecode.swift; path = WalletUITests.swift; sourceTree = "<group>"; };
		9F79AB2829A8E5FF00DD6787 /* WalletUITestsLaunchTests.swift */ = {isa = PBXFileReference; lastKnownFileType = sourcecode.swift; path = WalletUITestsLaunchTests.swift; sourceTree = "<group>"; };
		9F79AB3529A8EBCD00DD6787 /* HomeView.swift */ = {isa = PBXFileReference; lastKnownFileType = sourcecode.swift; path = HomeView.swift; sourceTree = "<group>"; };
		9F79AB3729A8EE2A00DD6787 /* TransferView.swift */ = {isa = PBXFileReference; lastKnownFileType = sourcecode.swift; path = TransferView.swift; sourceTree = "<group>"; };
		9F79AB3929A8EE4200DD6787 /* CardsView.swift */ = {isa = PBXFileReference; lastKnownFileType = sourcecode.swift; path = CardsView.swift; sourceTree = "<group>"; };
		9F79AB3D29A8EFE600DD6787 /* Transfer.swift */ = {isa = PBXFileReference; lastKnownFileType = sourcecode.swift; path = Transfer.swift; sourceTree = "<group>"; };
		9F79AB3F29A8F08F00DD6787 /* User.swift */ = {isa = PBXFileReference; lastKnownFileType = sourcecode.swift; path = User.swift; sourceTree = "<group>"; };
		9F79AB4129A8F1F800DD6787 /* TransferCell.swift */ = {isa = PBXFileReference; lastKnownFileType = sourcecode.swift; path = TransferCell.swift; sourceTree = "<group>"; };
		9F79AB4329A8FBD900DD6787 /* DataProvider.swift */ = {isa = PBXFileReference; lastKnownFileType = sourcecode.swift; path = DataProvider.swift; sourceTree = "<group>"; };
		9F79AB4529A90A9500DD6787 /* TransferDTO.swift */ = {isa = PBXFileReference; lastKnownFileType = sourcecode.swift; path = TransferDTO.swift; sourceTree = "<group>"; };
/* End PBXFileReference section */

/* Begin PBXFrameworksBuildPhase section */
		9F79AB0529A8E5FC00DD6787 /* Frameworks */ = {
			isa = PBXFrameworksBuildPhase;
			buildActionMask = 2147483647;
			files = (
			);
			runOnlyForDeploymentPostprocessing = 0;
		};
		9F79AB1529A8E5FF00DD6787 /* Frameworks */ = {
			isa = PBXFrameworksBuildPhase;
			buildActionMask = 2147483647;
			files = (
			);
			runOnlyForDeploymentPostprocessing = 0;
		};
		9F79AB1F29A8E5FF00DD6787 /* Frameworks */ = {
			isa = PBXFrameworksBuildPhase;
			buildActionMask = 2147483647;
			files = (
			);
			runOnlyForDeploymentPostprocessing = 0;
		};
/* End PBXFrameworksBuildPhase section */

/* Begin PBXGroup section */
		9F79AAFF29A8E5FC00DD6787 = {
			isa = PBXGroup;
			children = (
				9F79AB0A29A8E5FD00DD6787 /* Wallet */,
				9F79AB1B29A8E5FF00DD6787 /* WalletTests */,
				9F79AB2529A8E5FF00DD6787 /* WalletUITests */,
				9F79AB0929A8E5FD00DD6787 /* Products */,
			);
			sourceTree = "<group>";
		};
		9F79AB0929A8E5FD00DD6787 /* Products */ = {
			isa = PBXGroup;
			children = (
				9F79AB0829A8E5FD00DD6787 /* Wallet.app */,
				9F79AB1829A8E5FF00DD6787 /* WalletTests.xctest */,
				9F79AB2229A8E5FF00DD6787 /* WalletUITests.xctest */,
			);
			name = Products;
			sourceTree = "<group>";
		};
		9F79AB0A29A8E5FD00DD6787 /* Wallet */ = {
			isa = PBXGroup;
			children = (
				9F79AB0B29A8E5FD00DD6787 /* WalletApp.swift */,
				9F79AB3C29A8EEA900DD6787 /* Data */,
				9F79AB3B29A8EE9900DD6787 /* UI */,
				9F79AB0F29A8E5FE00DD6787 /* Assets.xcassets */,
				9F79AB1129A8E5FE00DD6787 /* Preview Content */,
			);
			path = Wallet;
			sourceTree = "<group>";
		};
		9F79AB1129A8E5FE00DD6787 /* Preview Content */ = {
			isa = PBXGroup;
			children = (
				9F79AB1229A8E5FE00DD6787 /* Preview Assets.xcassets */,
			);
			path = "Preview Content";
			sourceTree = "<group>";
		};
		9F79AB1B29A8E5FF00DD6787 /* WalletTests */ = {
			isa = PBXGroup;
			children = (
				9F79AB1C29A8E5FF00DD6787 /* WalletTests.swift */,
			);
			path = WalletTests;
			sourceTree = "<group>";
		};
		9F79AB2529A8E5FF00DD6787 /* WalletUITests */ = {
			isa = PBXGroup;
			children = (
				9F79AB2629A8E5FF00DD6787 /* WalletUITests.swift */,
				9F79AB2829A8E5FF00DD6787 /* WalletUITestsLaunchTests.swift */,
			);
			path = WalletUITests;
			sourceTree = "<group>";
		};
		9F79AB3B29A8EE9900DD6787 /* UI */ = {
			isa = PBXGroup;
			children = (
				9F79AB0D29A8E5FD00DD6787 /* MainTabView.swift */,
				9F79AB3529A8EBCD00DD6787 /* HomeView.swift */,
				9F79AB3729A8EE2A00DD6787 /* TransferView.swift */,
				9F79AB3929A8EE4200DD6787 /* CardsView.swift */,
				9F79AB4129A8F1F800DD6787 /* TransferCell.swift */,
			);
			path = UI;
			sourceTree = "<group>";
		};
		9F79AB3C29A8EEA900DD6787 /* Data */ = {
			isa = PBXGroup;
			children = (
				9F79AB3D29A8EFE600DD6787 /* Transfer.swift */,
				9F79AB3F29A8F08F00DD6787 /* User.swift */,
				9F79AB4329A8FBD900DD6787 /* DataProvider.swift */,
				9F79AB4529A90A9500DD6787 /* TransferDTO.swift */,
			);
			path = Data;
			sourceTree = "<group>";
		};
/* End PBXGroup section */

/* Begin PBXNativeTarget section */
		9F79AB0729A8E5FC00DD6787 /* Wallet */ = {
			isa = PBXNativeTarget;
			buildConfigurationList = 9F79AB2C29A8E5FF00DD6787 /* Build configuration list for PBXNativeTarget "Wallet" */;
			buildPhases = (
				9F79AB0429A8E5FC00DD6787 /* Sources */,
				9F79AB0529A8E5FC00DD6787 /* Frameworks */,
				9F79AB0629A8E5FC00DD6787 /* Resources */,
			);
			buildRules = (
			);
			dependencies = (
			);
			name = Wallet;
			productName = Wallet;
			productReference = 9F79AB0829A8E5FD00DD6787 /* Wallet.app */;
			productType = "com.apple.product-type.application";
		};
		9F79AB1729A8E5FF00DD6787 /* WalletTests */ = {
			isa = PBXNativeTarget;
			buildConfigurationList = 9F79AB2F29A8E5FF00DD6787 /* Build configuration list for PBXNativeTarget "WalletTests" */;
			buildPhases = (
				9F79AB1429A8E5FF00DD6787 /* Sources */,
				9F79AB1529A8E5FF00DD6787 /* Frameworks */,
				9F79AB1629A8E5FF00DD6787 /* Resources */,
			);
			buildRules = (
			);
			dependencies = (
				9F79AB1A29A8E5FF00DD6787 /* PBXTargetDependency */,
			);
			name = WalletTests;
			productName = WalletTests;
			productReference = 9F79AB1829A8E5FF00DD6787 /* WalletTests.xctest */;
			productType = "com.apple.product-type.bundle.unit-test";
		};
		9F79AB2129A8E5FF00DD6787 /* WalletUITests */ = {
			isa = PBXNativeTarget;
			buildConfigurationList = 9F79AB3229A8E5FF00DD6787 /* Build configuration list for PBXNativeTarget "WalletUITests" */;
			buildPhases = (
				9F79AB1E29A8E5FF00DD6787 /* Sources */,
				9F79AB1F29A8E5FF00DD6787 /* Frameworks */,
				9F79AB2029A8E5FF00DD6787 /* Resources */,
			);
			buildRules = (
			);
			dependencies = (
				9F79AB2429A8E5FF00DD6787 /* PBXTargetDependency */,
			);
			name = WalletUITests;
			productName = WalletUITests;
			productReference = 9F79AB2229A8E5FF00DD6787 /* WalletUITests.xctest */;
			productType = "com.apple.product-type.bundle.ui-testing";
		};
/* End PBXNativeTarget section */

/* Begin PBXProject section */
		9F79AB0029A8E5FC00DD6787 /* Project object */ = {
			isa = PBXProject;
			attributes = {
				BuildIndependentTargetsInParallel = 1;
				LastSwiftUpdateCheck = 1410;
				LastUpgradeCheck = 1410;
				TargetAttributes = {
					9F79AB0729A8E5FC00DD6787 = {
						CreatedOnToolsVersion = 14.1;
					};
					9F79AB1729A8E5FF00DD6787 = {
						CreatedOnToolsVersion = 14.1;
						TestTargetID = 9F79AB0729A8E5FC00DD6787;
					};
					9F79AB2129A8E5FF00DD6787 = {
						CreatedOnToolsVersion = 14.1;
						TestTargetID = 9F79AB0729A8E5FC00DD6787;
					};
				};
			};
			buildConfigurationList = 9F79AB0329A8E5FC00DD6787 /* Build configuration list for PBXProject "Wallet" */;
			compatibilityVersion = "Xcode 14.0";
			developmentRegion = en;
			hasScannedForEncodings = 0;
			knownRegions = (
				en,
				Base,
			);
			mainGroup = 9F79AAFF29A8E5FC00DD6787;
			productRefGroup = 9F79AB0929A8E5FD00DD6787 /* Products */;
			projectDirPath = "";
			projectRoot = "";
			targets = (
				9F79AB0729A8E5FC00DD6787 /* Wallet */,
				9F79AB1729A8E5FF00DD6787 /* WalletTests */,
				9F79AB2129A8E5FF00DD6787 /* WalletUITests */,
			);
		};
/* End PBXProject section */

/* Begin PBXResourcesBuildPhase section */
		9F79AB0629A8E5FC00DD6787 /* Resources */ = {
			isa = PBXResourcesBuildPhase;
			buildActionMask = 2147483647;
			files = (
				9F79AB1329A8E5FE00DD6787 /* Preview Assets.xcassets in Resources */,
				9F79AB1029A8E5FE00DD6787 /* Assets.xcassets in Resources */,
			);
			runOnlyForDeploymentPostprocessing = 0;
		};
		9F79AB1629A8E5FF00DD6787 /* Resources */ = {
			isa = PBXResourcesBuildPhase;
			buildActionMask = 2147483647;
			files = (
			);
			runOnlyForDeploymentPostprocessing = 0;
		};
		9F79AB2029A8E5FF00DD6787 /* Resources */ = {
			isa = PBXResourcesBuildPhase;
			buildActionMask = 2147483647;
			files = (
			);
			runOnlyForDeploymentPostprocessing = 0;
		};
/* End PBXResourcesBuildPhase section */

/* Begin PBXSourcesBuildPhase section */
		9F79AB0429A8E5FC00DD6787 /* Sources */ = {
			isa = PBXSourcesBuildPhase;
			buildActionMask = 2147483647;
			files = (
				9F79AB0E29A8E5FD00DD6787 /* MainTabView.swift in Sources */,
				9F79AB3A29A8EE4200DD6787 /* CardsView.swift in Sources */,
				9F79AB4229A8F1F800DD6787 /* TransferCell.swift in Sources */,
				9F79AB3829A8EE2A00DD6787 /* TransferView.swift in Sources */,
				9F79AB4629A90A9500DD6787 /* TransferDTO.swift in Sources */,
				9F79AB0C29A8E5FD00DD6787 /* WalletApp.swift in Sources */,
				9F79AB3E29A8EFE600DD6787 /* Transfer.swift in Sources */,
				9F79AB4429A8FBD900DD6787 /* DataProvider.swift in Sources */,
				9F79AB3629A8EBCD00DD6787 /* HomeView.swift in Sources */,
				9F79AB4029A8F08F00DD6787 /* User.swift in Sources */,
			);
			runOnlyForDeploymentPostprocessing = 0;
		};
		9F79AB1429A8E5FF00DD6787 /* Sources */ = {
			isa = PBXSourcesBuildPhase;
			buildActionMask = 2147483647;
			files = (
				9F79AB1D29A8E5FF00DD6787 /* WalletTests.swift in Sources */,
			);
			runOnlyForDeploymentPostprocessing = 0;
		};
		9F79AB1E29A8E5FF00DD6787 /* Sources */ = {
			isa = PBXSourcesBuildPhase;
			buildActionMask = 2147483647;
			files = (
				9F79AB2729A8E5FF00DD6787 /* WalletUITests.swift in Sources */,
				9F79AB2929A8E5FF00DD6787 /* WalletUITestsLaunchTests.swift in Sources */,
			);
			runOnlyForDeploymentPostprocessing = 0;
		};
/* End PBXSourcesBuildPhase section */

/* Begin PBXTargetDependency section */
		9F79AB1A29A8E5FF00DD6787 /* PBXTargetDependency */ = {
			isa = PBXTargetDependency;
			target = 9F79AB0729A8E5FC00DD6787 /* Wallet */;
			targetProxy = 9F79AB1929A8E5FF00DD6787 /* PBXContainerItemProxy */;
		};
		9F79AB2429A8E5FF00DD6787 /* PBXTargetDependency */ = {
			isa = PBXTargetDependency;
			target = 9F79AB0729A8E5FC00DD6787 /* Wallet */;
			targetProxy = 9F79AB2329A8E5FF00DD6787 /* PBXContainerItemProxy */;
		};
/* End PBXTargetDependency section */

/* Begin XCBuildConfiguration section */
		9F79AB2A29A8E5FF00DD6787 /* Debug */ = {
			isa = XCBuildConfiguration;
			buildSettings = {
				ALWAYS_SEARCH_USER_PATHS = NO;
				CLANG_ANALYZER_NONNULL = YES;
				CLANG_ANALYZER_NUMBER_OBJECT_CONVERSION = YES_AGGRESSIVE;
				CLANG_CXX_LANGUAGE_STANDARD = "gnu++20";
				CLANG_ENABLE_MODULES = YES;
				CLANG_ENABLE_OBJC_ARC = YES;
				CLANG_ENABLE_OBJC_WEAK = YES;
				CLANG_WARN_BLOCK_CAPTURE_AUTORELEASING = YES;
				CLANG_WARN_BOOL_CONVERSION = YES;
				CLANG_WARN_COMMA = YES;
				CLANG_WARN_CONSTANT_CONVERSION = YES;
				CLANG_WARN_DEPRECATED_OBJC_IMPLEMENTATIONS = YES;
				CLANG_WARN_DIRECT_OBJC_ISA_USAGE = YES_ERROR;
				CLANG_WARN_DOCUMENTATION_COMMENTS = YES;
				CLANG_WARN_EMPTY_BODY = YES;
				CLANG_WARN_ENUM_CONVERSION = YES;
				CLANG_WARN_INFINITE_RECURSION = YES;
				CLANG_WARN_INT_CONVERSION = YES;
				CLANG_WARN_NON_LITERAL_NULL_CONVERSION = YES;
				CLANG_WARN_OBJC_IMPLICIT_RETAIN_SELF = YES;
				CLANG_WARN_OBJC_LITERAL_CONVERSION = YES;
				CLANG_WARN_OBJC_ROOT_CLASS = YES_ERROR;
				CLANG_WARN_QUOTED_INCLUDE_IN_FRAMEWORK_HEADER = YES;
				CLANG_WARN_RANGE_LOOP_ANALYSIS = YES;
				CLANG_WARN_STRICT_PROTOTYPES = YES;
				CLANG_WARN_SUSPICIOUS_MOVE = YES;
				CLANG_WARN_UNGUARDED_AVAILABILITY = YES_AGGRESSIVE;
				CLANG_WARN_UNREACHABLE_CODE = YES;
				CLANG_WARN__DUPLICATE_METHOD_MATCH = YES;
				COPY_PHASE_STRIP = NO;
				DEBUG_INFORMATION_FORMAT = dwarf;
				ENABLE_STRICT_OBJC_MSGSEND = YES;
				ENABLE_TESTABILITY = YES;
				GCC_C_LANGUAGE_STANDARD = gnu11;
				GCC_DYNAMIC_NO_PIC = NO;
				GCC_NO_COMMON_BLOCKS = YES;
				GCC_OPTIMIZATION_LEVEL = 0;
				GCC_PREPROCESSOR_DEFINITIONS = (
					"DEBUG=1",
					"$(inherited)",
				);
				GCC_WARN_64_TO_32_BIT_CONVERSION = YES;
				GCC_WARN_ABOUT_RETURN_TYPE = YES_ERROR;
				GCC_WARN_UNDECLARED_SELECTOR = YES;
				GCC_WARN_UNINITIALIZED_AUTOS = YES_AGGRESSIVE;
				GCC_WARN_UNUSED_FUNCTION = YES;
				GCC_WARN_UNUSED_VARIABLE = YES;
				IPHONEOS_DEPLOYMENT_TARGET = 16.1;
				MTL_ENABLE_DEBUG_INFO = INCLUDE_SOURCE;
				MTL_FAST_MATH = YES;
				ONLY_ACTIVE_ARCH = YES;
				SDKROOT = iphoneos;
				SWIFT_ACTIVE_COMPILATION_CONDITIONS = DEBUG;
				SWIFT_OPTIMIZATION_LEVEL = "-Onone";
			};
			name = Debug;
		};
		9F79AB2B29A8E5FF00DD6787 /* Release */ = {
			isa = XCBuildConfiguration;
			buildSettings = {
				ALWAYS_SEARCH_USER_PATHS = NO;
				CLANG_ANALYZER_NONNULL = YES;
				CLANG_ANALYZER_NUMBER_OBJECT_CONVERSION = YES_AGGRESSIVE;
				CLANG_CXX_LANGUAGE_STANDARD = "gnu++20";
				CLANG_ENABLE_MODULES = YES;
				CLANG_ENABLE_OBJC_ARC = YES;
				CLANG_ENABLE_OBJC_WEAK = YES;
				CLANG_WARN_BLOCK_CAPTURE_AUTORELEASING = YES;
				CLANG_WARN_BOOL_CONVERSION = YES;
				CLANG_WARN_COMMA = YES;
				CLANG_WARN_CONSTANT_CONVERSION = YES;
				CLANG_WARN_DEPRECATED_OBJC_IMPLEMENTATIONS = YES;
				CLANG_WARN_DIRECT_OBJC_ISA_USAGE = YES_ERROR;
				CLANG_WARN_DOCUMENTATION_COMMENTS = YES;
				CLANG_WARN_EMPTY_BODY = YES;
				CLANG_WARN_ENUM_CONVERSION = YES;
				CLANG_WARN_INFINITE_RECURSION = YES;
				CLANG_WARN_INT_CONVERSION = YES;
				CLANG_WARN_NON_LITERAL_NULL_CONVERSION = YES;
				CLANG_WARN_OBJC_IMPLICIT_RETAIN_SELF = YES;
				CLANG_WARN_OBJC_LITERAL_CONVERSION = YES;
				CLANG_WARN_OBJC_ROOT_CLASS = YES_ERROR;
				CLANG_WARN_QUOTED_INCLUDE_IN_FRAMEWORK_HEADER = YES;
				CLANG_WARN_RANGE_LOOP_ANALYSIS = YES;
				CLANG_WARN_STRICT_PROTOTYPES = YES;
				CLANG_WARN_SUSPICIOUS_MOVE = YES;
				CLANG_WARN_UNGUARDED_AVAILABILITY = YES_AGGRESSIVE;
				CLANG_WARN_UNREACHABLE_CODE = YES;
				CLANG_WARN__DUPLICATE_METHOD_MATCH = YES;
				COPY_PHASE_STRIP = NO;
				DEBUG_INFORMATION_FORMAT = "dwarf-with-dsym";
				ENABLE_NS_ASSERTIONS = NO;
				ENABLE_STRICT_OBJC_MSGSEND = YES;
				GCC_C_LANGUAGE_STANDARD = gnu11;
				GCC_NO_COMMON_BLOCKS = YES;
				GCC_WARN_64_TO_32_BIT_CONVERSION = YES;
				GCC_WARN_ABOUT_RETURN_TYPE = YES_ERROR;
				GCC_WARN_UNDECLARED_SELECTOR = YES;
				GCC_WARN_UNINITIALIZED_AUTOS = YES_AGGRESSIVE;
				GCC_WARN_UNUSED_FUNCTION = YES;
				GCC_WARN_UNUSED_VARIABLE = YES;
				IPHONEOS_DEPLOYMENT_TARGET = 16.1;
				MTL_ENABLE_DEBUG_INFO = NO;
				MTL_FAST_MATH = YES;
				SDKROOT = iphoneos;
				SWIFT_COMPILATION_MODE = wholemodule;
				SWIFT_OPTIMIZATION_LEVEL = "-O";
				VALIDATE_PRODUCT = YES;
			};
			name = Release;
		};
		9F79AB2D29A8E5FF00DD6787 /* Debug */ = {
			isa = XCBuildConfiguration;
			buildSettings = {
				ASSETCATALOG_COMPILER_APPICON_NAME = AppIcon;
				ASSETCATALOG_COMPILER_GLOBAL_ACCENT_COLOR_NAME = AccentColor;
				CODE_SIGN_STYLE = Automatic;
				CURRENT_PROJECT_VERSION = 1;
				DEVELOPMENT_ASSET_PATHS = "\"Wallet/Preview Content\"";
				ENABLE_PREVIEWS = YES;
				GENERATE_INFOPLIST_FILE = YES;
				INFOPLIST_KEY_UIApplicationSceneManifest_Generation = YES;
				INFOPLIST_KEY_UIApplicationSupportsIndirectInputEvents = YES;
				INFOPLIST_KEY_UILaunchScreen_Generation = YES;
				INFOPLIST_KEY_UISupportedInterfaceOrientations_iPad = "UIInterfaceOrientationPortrait UIInterfaceOrientationPortraitUpsideDown UIInterfaceOrientationLandscapeLeft UIInterfaceOrientationLandscapeRight";
				INFOPLIST_KEY_UISupportedInterfaceOrientations_iPhone = "UIInterfaceOrientationPortrait UIInterfaceOrientationLandscapeLeft UIInterfaceOrientationLandscapeRight";
				LD_RUNPATH_SEARCH_PATHS = (
					"$(inherited)",
					"@executable_path/Frameworks",
				);
				MARKETING_VERSION = 1.0;
				PRODUCT_BUNDLE_IDENTIFIER = com.eugene.Wallet;
				PRODUCT_NAME = "$(TARGET_NAME)";
				SWIFT_EMIT_LOC_STRINGS = YES;
				SWIFT_VERSION = 5.0;
				TARGETED_DEVICE_FAMILY = "1,2";
			};
			name = Debug;
		};
		9F79AB2E29A8E5FF00DD6787 /* Release */ = {
			isa = XCBuildConfiguration;
			buildSettings = {
				ASSETCATALOG_COMPILER_APPICON_NAME = AppIcon;
				ASSETCATALOG_COMPILER_GLOBAL_ACCENT_COLOR_NAME = AccentColor;
				CODE_SIGN_STYLE = Automatic;
				CURRENT_PROJECT_VERSION = 1;
				DEVELOPMENT_ASSET_PATHS = "\"Wallet/Preview Content\"";
				ENABLE_PREVIEWS = YES;
				GENERATE_INFOPLIST_FILE = YES;
				INFOPLIST_KEY_UIApplicationSceneManifest_Generation = YES;
				INFOPLIST_KEY_UIApplicationSupportsIndirectInputEvents = YES;
				INFOPLIST_KEY_UILaunchScreen_Generation = YES;
				INFOPLIST_KEY_UISupportedInterfaceOrientations_iPad = "UIInterfaceOrientationPortrait UIInterfaceOrientationPortraitUpsideDown UIInterfaceOrientationLandscapeLeft UIInterfaceOrientationLandscapeRight";
				INFOPLIST_KEY_UISupportedInterfaceOrientations_iPhone = "UIInterfaceOrientationPortrait UIInterfaceOrientationLandscapeLeft UIInterfaceOrientationLandscapeRight";
				LD_RUNPATH_SEARCH_PATHS = (
					"$(inherited)",
					"@executable_path/Frameworks",
				);
				MARKETING_VERSION = 1.0;
				PRODUCT_BUNDLE_IDENTIFIER = com.eugene.Wallet;
				PRODUCT_NAME = "$(TARGET_NAME)";
				SWIFT_EMIT_LOC_STRINGS = YES;
				SWIFT_VERSION = 5.0;
				TARGETED_DEVICE_FAMILY = "1,2";
			};
			name = Release;
		};
		9F79AB3029A8E5FF00DD6787 /* Debug */ = {
			isa = XCBuildConfiguration;
			buildSettings = {
				ALWAYS_EMBED_SWIFT_STANDARD_LIBRARIES = YES;
				BUNDLE_LOADER = "$(TEST_HOST)";
				CODE_SIGN_STYLE = Automatic;
				CURRENT_PROJECT_VERSION = 1;
				GENERATE_INFOPLIST_FILE = YES;
				IPHONEOS_DEPLOYMENT_TARGET = 16.1;
				MARKETING_VERSION = 1.0;
				PRODUCT_BUNDLE_IDENTIFIER = com.eugene.WalletTests;
				PRODUCT_NAME = "$(TARGET_NAME)";
				SWIFT_EMIT_LOC_STRINGS = NO;
				SWIFT_VERSION = 5.0;
				TARGETED_DEVICE_FAMILY = "1,2";
				TEST_HOST = "$(BUILT_PRODUCTS_DIR)/Wallet.app/$(BUNDLE_EXECUTABLE_FOLDER_PATH)/Wallet";
			};
			name = Debug;
		};
		9F79AB3129A8E5FF00DD6787 /* Release */ = {
			isa = XCBuildConfiguration;
			buildSettings = {
				ALWAYS_EMBED_SWIFT_STANDARD_LIBRARIES = YES;
				BUNDLE_LOADER = "$(TEST_HOST)";
				CODE_SIGN_STYLE = Automatic;
				CURRENT_PROJECT_VERSION = 1;
				GENERATE_INFOPLIST_FILE = YES;
				IPHONEOS_DEPLOYMENT_TARGET = 16.1;
				MARKETING_VERSION = 1.0;
				PRODUCT_BUNDLE_IDENTIFIER = com.eugene.WalletTests;
				PRODUCT_NAME = "$(TARGET_NAME)";
				SWIFT_EMIT_LOC_STRINGS = NO;
				SWIFT_VERSION = 5.0;
				TARGETED_DEVICE_FAMILY = "1,2";
				TEST_HOST = "$(BUILT_PRODUCTS_DIR)/Wallet.app/$(BUNDLE_EXECUTABLE_FOLDER_PATH)/Wallet";
			};
			name = Release;
		};
		9F79AB3329A8E5FF00DD6787 /* Debug */ = {
			isa = XCBuildConfiguration;
			buildSettings = {
				ALWAYS_EMBED_SWIFT_STANDARD_LIBRARIES = YES;
				CODE_SIGN_STYLE = Automatic;
				CURRENT_PROJECT_VERSION = 1;
				GENERATE_INFOPLIST_FILE = YES;
				MARKETING_VERSION = 1.0;
				PRODUCT_BUNDLE_IDENTIFIER = com.eugene.WalletUITests;
				PRODUCT_NAME = "$(TARGET_NAME)";
				SWIFT_EMIT_LOC_STRINGS = NO;
				SWIFT_VERSION = 5.0;
				TARGETED_DEVICE_FAMILY = "1,2";
				TEST_TARGET_NAME = Wallet;
			};
			name = Debug;
		};
		9F79AB3429A8E5FF00DD6787 /* Release */ = {
			isa = XCBuildConfiguration;
			buildSettings = {
				ALWAYS_EMBED_SWIFT_STANDARD_LIBRARIES = YES;
				CODE_SIGN_STYLE = Automatic;
				CURRENT_PROJECT_VERSION = 1;
				GENERATE_INFOPLIST_FILE = YES;
				MARKETING_VERSION = 1.0;
				PRODUCT_BUNDLE_IDENTIFIER = com.eugene.WalletUITests;
				PRODUCT_NAME = "$(TARGET_NAME)";
				SWIFT_EMIT_LOC_STRINGS = NO;
				SWIFT_VERSION = 5.0;
				TARGETED_DEVICE_FAMILY = "1,2";
				TEST_TARGET_NAME = Wallet;
			};
			name = Release;
		};
/* End XCBuildConfiguration section */

/* Begin XCConfigurationList section */
		9F79AB0329A8E5FC00DD6787 /* Build configuration list for PBXProject "Wallet" */ = {
			isa = XCConfigurationList;
			buildConfigurations = (
				9F79AB2A29A8E5FF00DD6787 /* Debug */,
				9F79AB2B29A8E5FF00DD6787 /* Release */,
			);
			defaultConfigurationIsVisible = 0;
			defaultConfigurationName = Release;
		};
		9F79AB2C29A8E5FF00DD6787 /* Build configuration list for PBXNativeTarget "Wallet" */ = {
			isa = XCConfigurationList;
			buildConfigurations = (
				9F79AB2D29A8E5FF00DD6787 /* Debug */,
				9F79AB2E29A8E5FF00DD6787 /* Release */,
			);
			defaultConfigurationIsVisible = 0;
			defaultConfigurationName = Release;
		};
		9F79AB2F29A8E5FF00DD6787 /* Build configuration list for PBXNativeTarget "WalletTests" */ = {
			isa = XCConfigurationList;
			buildConfigurations = (
				9F79AB3029A8E5FF00DD6787 /* Debug */,
				9F79AB3129A8E5FF00DD6787 /* Release */,
			);
			defaultConfigurationIsVisible = 0;
			defaultConfigurationName = Release;
		};
		9F79AB3229A8E5FF00DD6787 /* Build configuration list for PBXNativeTarget "WalletUITests" */ = {
			isa = XCConfigurationList;
			buildConfigurations = (
				9F79AB3329A8E5FF00DD6787 /* Debug */,
				9F79AB3429A8E5FF00DD6787 /* Release */,
			);
			defaultConfigurationIsVisible = 0;
			defaultConfigurationName = Release;
		};
/* End XCConfigurationList section */
	};
	rootObject = 9F79AB0029A8E5FC00DD6787 /* Project object */;
}
